// !$*UTF8*$!
{
	archiveVersion = 1;
	classes = {
	};
	objectVersion = 48;
	objects = {

/* Begin PBXBuildFile section */
		34E6CB4FA46F2A4A6AA64170 /* Pods_medicalConsultation.framework in Frameworks */ = {isa = PBXBuildFile; fileRef = EC6C4B805B820E1B3EED9D67 /* Pods_medicalConsultation.framework */; };
		66150E981F49808E00CA87BE /* OtherInformationStep2ViewController.swift in Sources */ = {isa = PBXBuildFile; fileRef = 66150E971F49808E00CA87BE /* OtherInformationStep2ViewController.swift */; };
		661883691FAA4A42007E4C8C /* RegisterViewController.swift in Sources */ = {isa = PBXBuildFile; fileRef = 661883681FAA4A42007E4C8C /* RegisterViewController.swift */; };
		661B91701F7B9AC20017BDAB /* PostConsultationViewController.swift in Sources */ = {isa = PBXBuildFile; fileRef = 661B916F1F7B9AC20017BDAB /* PostConsultationViewController.swift */; };
		6620823B1EF91B67001D693B /* GoogleToolboxForMac.framework in Frameworks */ = {isa = PBXBuildFile; fileRef = 6620823A1EF91B67001D693B /* GoogleToolboxForMac.framework */; };
		662508DC1F81582D00BC54CB /* ComposeViewController.swift in Sources */ = {isa = PBXBuildFile; fileRef = 662508DB1F81582D00BC54CB /* ComposeViewController.swift */; };
		662508DE1F81584100BC54CB /* HomeViewController.swift in Sources */ = {isa = PBXBuildFile; fileRef = 662508DD1F81584100BC54CB /* HomeViewController.swift */; };
		662508E01F81584D00BC54CB /* loginViewController.swift in Sources */ = {isa = PBXBuildFile; fileRef = 662508DF1F81584D00BC54CB /* loginViewController.swift */; };
		6633C4711EFBB6BB006EF136 /* ApiAI.framework in Frameworks */ = {isa = PBXBuildFile; fileRef = 6633C46D1EFBB6BB006EF136 /* ApiAI.framework */; };
		6633C4721EFBB6BB006EF136 /* GTMSessionFetcher.framework in Frameworks */ = {isa = PBXBuildFile; fileRef = 6633C46E1EFBB6BB006EF136 /* GTMSessionFetcher.framework */; };
		6633C4731EFBB6BB006EF136 /* Locksmith.framework in Frameworks */ = {isa = PBXBuildFile; fileRef = 6633C46F1EFBB6BB006EF136 /* Locksmith.framework */; };
		6633C4741EFBB6BB006EF136 /* SVProgressHUD.framework in Frameworks */ = {isa = PBXBuildFile; fileRef = 6633C4701EFBB6BB006EF136 /* SVProgressHUD.framework */; };
		6633C4761EFBB89B006EF136 /* AVFoundation.framework in Frameworks */ = {isa = PBXBuildFile; fileRef = 6633C4751EFBB89B006EF136 /* AVFoundation.framework */; };
		6633C4781EFBBD18006EF136 /* PreMainViewController.swift in Sources */ = {isa = PBXBuildFile; fileRef = 6633C4771EFBBD18006EF136 /* PreMainViewController.swift */; };
		6633C47C1EFBF94C006EF136 /* doctor.png in Resources */ = {isa = PBXBuildFile; fileRef = 6633C47A1EFBF94C006EF136 /* doctor.png */; };
		6633C47D1EFBF94C006EF136 /* list.png in Resources */ = {isa = PBXBuildFile; fileRef = 6633C47B1EFBF94C006EF136 /* list.png */; };
		665ED65B1F7D10D70025D2AC /* FirstStepSelectionViewController.swift in Sources */ = {isa = PBXBuildFile; fileRef = 665ED65A1F7D10D70025D2AC /* FirstStepSelectionViewController.swift */; };
		665ED65D1F7D10FC0025D2AC /* SecondStepSelectionViewController.swift in Sources */ = {isa = PBXBuildFile; fileRef = 665ED65C1F7D10FC0025D2AC /* SecondStepSelectionViewController.swift */; };
		665ED6611F7D34030025D2AC /* TableViewCellFever.swift in Sources */ = {isa = PBXBuildFile; fileRef = 665ED65F1F7D34030025D2AC /* TableViewCellFever.swift */; };
		665ED6621F7D34030025D2AC /* TableViewCellFever.xib in Resources */ = {isa = PBXBuildFile; fileRef = 665ED6601F7D34030025D2AC /* TableViewCellFever.xib */; };
		665F42A11F06293300B19574 /* invoice.html in Resources */ = {isa = PBXBuildFile; fileRef = 665F429E1F06293300B19574 /* invoice.html */; };
		665F42A21F06293300B19574 /* invoice2.html in Resources */ = {isa = PBXBuildFile; fileRef = 665F429F1F06293300B19574 /* invoice2.html */; };
		665F42A31F06293300B19574 /* last_item.html in Resources */ = {isa = PBXBuildFile; fileRef = 665F42A01F06293300B19574 /* last_item.html */; };
		665F42A51F06293E00B19574 /* single_item.html in Resources */ = {isa = PBXBuildFile; fileRef = 665F42A41F06293E00B19574 /* single_item.html */; };
		665F42B01F06298900B19574 /* InvoiceListViewController.swift in Sources */ = {isa = PBXBuildFile; fileRef = 665F42A91F06298900B19574 /* InvoiceListViewController.swift */; };
		665F42B11F06298900B19574 /* CreatorViewController.swift in Sources */ = {isa = PBXBuildFile; fileRef = 665F42AA1F06298900B19574 /* CreatorViewController.swift */; };
		665F42B21F06298900B19574 /* AddItemViewController.swift in Sources */ = {isa = PBXBuildFile; fileRef = 665F42AB1F06298900B19574 /* AddItemViewController.swift */; };
		665F42B31F06298900B19574 /* PreviewViewController.swift in Sources */ = {isa = PBXBuildFile; fileRef = 665F42AC1F06298900B19574 /* PreviewViewController.swift */; };
		665F42B41F06298900B19574 /* InvoiceComposer.swift in Sources */ = {isa = PBXBuildFile; fileRef = 665F42AD1F06298900B19574 /* InvoiceComposer.swift */; };
		665F42B51F06298900B19574 /* CustomPrintPageRenderer.swift in Sources */ = {isa = PBXBuildFile; fileRef = 665F42AE1F06298900B19574 /* CustomPrintPageRenderer.swift */; };
		666A84B21F0B8F9E007D4EFC /* OtherInformationViewController.swift in Sources */ = {isa = PBXBuildFile; fileRef = 666A84B11F0B8F9E007D4EFC /* OtherInformationViewController.swift */; };
		66C952C51EF8F89B00C36E3D /* AppDelegate.swift in Sources */ = {isa = PBXBuildFile; fileRef = 66C952C41EF8F89B00C36E3D /* AppDelegate.swift */; };
		66C952C71EF8F89B00C36E3D /* MainViewController.swift in Sources */ = {isa = PBXBuildFile; fileRef = 66C952C61EF8F89B00C36E3D /* MainViewController.swift */; };
		66C952CA1EF8F89B00C36E3D /* Main.storyboard in Resources */ = {isa = PBXBuildFile; fileRef = 66C952C81EF8F89B00C36E3D /* Main.storyboard */; };
		66C952CC1EF8F89B00C36E3D /* Assets.xcassets in Resources */ = {isa = PBXBuildFile; fileRef = 66C952CB1EF8F89B00C36E3D /* Assets.xcassets */; };
		66C952CF1EF8F89B00C36E3D /* LaunchScreen.storyboard in Resources */ = {isa = PBXBuildFile; fileRef = 66C952CD1EF8F89B00C36E3D /* LaunchScreen.storyboard */; };
		66C952D71EF8FCB700C36E3D /* GoogleService-Info.plist in Resources */ = {isa = PBXBuildFile; fileRef = 66C952D61EF8FCB700C36E3D /* GoogleService-Info.plist */; };
		66DC1E261EFC0D9500329E53 /* mic.png in Resources */ = {isa = PBXBuildFile; fileRef = 66DC1E251EFC0D9500329E53 /* mic.png */; };
		66DC1E2A1EFC342A00329E53 /* SwiftySound.framework in Frameworks */ = {isa = PBXBuildFile; fileRef = 66DC1E291EFC342A00329E53 /* SwiftySound.framework */; };
		66DC1E2C1EFC374B00329E53 /* VoiceHomeViewController.swift in Sources */ = {isa = PBXBuildFile; fileRef = 66DC1E2B1EFC374B00329E53 /* VoiceHomeViewController.swift */; };
		66DC1E2E1EFC392100329E53 /* siriStart.wav in Resources */ = {isa = PBXBuildFile; fileRef = 66DC1E2D1EFC392100329E53 /* siriStart.wav */; };
		66DC1E301EFC416800329E53 /* Speech.framework in Frameworks */ = {isa = PBXBuildFile; fileRef = 66DC1E2F1EFC416800329E53 /* Speech.framework */; };
		66ECDEF21F025476006186D7 /* offMic.png in Resources */ = {isa = PBXBuildFile; fileRef = 66ECDEF11F025476006186D7 /* offMic.png */; };
		66ECDEF41F028CE8006186D7 /* SpeechDetectionViewController.swift in Sources */ = {isa = PBXBuildFile; fileRef = 66ECDEF31F028CE8006186D7 /* SpeechDetectionViewController.swift */; };
		66EE02721F793E3F00C95AFF /* loginbackground.png in Resources */ = {isa = PBXBuildFile; fileRef = 66EE02711F793E3F00C95AFF /* loginbackground.png */; };
		66EE02781F793EC600C95AFF /* touch-id-icon.png in Resources */ = {isa = PBXBuildFile; fileRef = 66EE02731F793EC600C95AFF /* touch-id-icon.png */; };
		66EE02791F793EC600C95AFF /* 3ZR77.png in Resources */ = {isa = PBXBuildFile; fileRef = 66EE02741F793EC600C95AFF /* 3ZR77.png */; };
		66EE027A1F793EC600C95AFF /* box-shadow.png in Resources */ = {isa = PBXBuildFile; fileRef = 66EE02751F793EC600C95AFF /* box-shadow.png */; };
		66EE027B1F793EC600C95AFF /* login_box.png in Resources */ = {isa = PBXBuildFile; fileRef = 66EE02761F793EC600C95AFF /* login_box.png */; };
		66EE027C1F793EC600C95AFF /* dd2f9f1e2fa703f627ba967708f545d286745cc4_hq.jpg in Resources */ = {isa = PBXBuildFile; fileRef = 66EE02771F793EC600C95AFF /* dd2f9f1e2fa703f627ba967708f545d286745cc4_hq.jpg */; };
/* End PBXBuildFile section */

/* Begin PBXFileReference section */
		66150E971F49808E00CA87BE /* OtherInformationStep2ViewController.swift */ = {isa = PBXFileReference; lastKnownFileType = sourcecode.swift; path = OtherInformationStep2ViewController.swift; sourceTree = "<group>"; };
		661883681FAA4A42007E4C8C /* RegisterViewController.swift */ = {isa = PBXFileReference; fileEncoding = 4; lastKnownFileType = sourcecode.swift; path = RegisterViewController.swift; sourceTree = "<group>"; };
		661B916F1F7B9AC20017BDAB /* PostConsultationViewController.swift */ = {isa = PBXFileReference; lastKnownFileType = sourcecode.swift; path = PostConsultationViewController.swift; sourceTree = "<group>"; };
		661BEA101F024E8C0016F864 /* siriEnd.wav */ = {isa = PBXFileReference; lastKnownFileType = audio.wav; name = siriEnd.wav; path = medicalConsultation/siriEnd.wav; sourceTree = "<group>"; };
		6620823A1EF91B67001D693B /* GoogleToolboxForMac.framework */ = {isa = PBXFileReference; lastKnownFileType = wrapper.framework; name = GoogleToolboxForMac.framework; path = "../../../Library/Developer/Xcode/DerivedData/medicalConsultation-dlncmhyzorugfwgaolrrdvmsvefn/Build/Products/Debug-iphonesimulator/GoogleToolboxForMac/GoogleToolboxForMac.framework"; sourceTree = "<group>"; };
		662508DB1F81582D00BC54CB /* ComposeViewController.swift */ = {isa = PBXFileReference; fileEncoding = 4; lastKnownFileType = sourcecode.swift; path = ComposeViewController.swift; sourceTree = "<group>"; };
		662508DD1F81584100BC54CB /* HomeViewController.swift */ = {isa = PBXFileReference; fileEncoding = 4; lastKnownFileType = sourcecode.swift; path = HomeViewController.swift; sourceTree = "<group>"; };
		662508DF1F81584D00BC54CB /* loginViewController.swift */ = {isa = PBXFileReference; fileEncoding = 4; lastKnownFileType = sourcecode.swift; path = loginViewController.swift; sourceTree = "<group>"; };
		6633C46D1EFBB6BB006EF136 /* ApiAI.framework */ = {isa = PBXFileReference; lastKnownFileType = wrapper.framework; name = ApiAI.framework; path = "Pods/../build/Debug-iphoneos/ApiAI/ApiAI.framework"; sourceTree = "<group>"; };
		6633C46E1EFBB6BB006EF136 /* GTMSessionFetcher.framework */ = {isa = PBXFileReference; lastKnownFileType = wrapper.framework; name = GTMSessionFetcher.framework; path = "../../../Library/Developer/Xcode/DerivedData/medicalConsultation-dlncmhyzorugfwgaolrrdvmsvefn/Build/Products/Debug-iphonesimulator/GTMSessionFetcher/GTMSessionFetcher.framework"; sourceTree = "<group>"; };
		6633C46F1EFBB6BB006EF136 /* Locksmith.framework */ = {isa = PBXFileReference; lastKnownFileType = wrapper.framework; name = Locksmith.framework; path = "../../../Library/Developer/Xcode/DerivedData/medicalConsultation-dlncmhyzorugfwgaolrrdvmsvefn/Build/Products/Debug-iphonesimulator/Locksmith/Locksmith.framework"; sourceTree = "<group>"; };
		6633C4701EFBB6BB006EF136 /* SVProgressHUD.framework */ = {isa = PBXFileReference; lastKnownFileType = wrapper.framework; name = SVProgressHUD.framework; path = "../../../Library/Developer/Xcode/DerivedData/medicalConsultation-dlncmhyzorugfwgaolrrdvmsvefn/Build/Products/Debug-iphonesimulator/SVProgressHUD/SVProgressHUD.framework"; sourceTree = "<group>"; };
		6633C4751EFBB89B006EF136 /* AVFoundation.framework */ = {isa = PBXFileReference; lastKnownFileType = wrapper.framework; name = AVFoundation.framework; path = System/Library/Frameworks/AVFoundation.framework; sourceTree = SDKROOT; };
		6633C4771EFBBD18006EF136 /* PreMainViewController.swift */ = {isa = PBXFileReference; fileEncoding = 4; lastKnownFileType = sourcecode.swift; path = PreMainViewController.swift; sourceTree = "<group>"; };
		6633C47A1EFBF94C006EF136 /* doctor.png */ = {isa = PBXFileReference; lastKnownFileType = image.png; path = doctor.png; sourceTree = "<group>"; };
		6633C47B1EFBF94C006EF136 /* list.png */ = {isa = PBXFileReference; lastKnownFileType = image.png; path = list.png; sourceTree = "<group>"; };
		665ED65A1F7D10D70025D2AC /* FirstStepSelectionViewController.swift */ = {isa = PBXFileReference; lastKnownFileType = sourcecode.swift; path = FirstStepSelectionViewController.swift; sourceTree = "<group>"; };
		665ED65C1F7D10FC0025D2AC /* SecondStepSelectionViewController.swift */ = {isa = PBXFileReference; lastKnownFileType = sourcecode.swift; path = SecondStepSelectionViewController.swift; sourceTree = "<group>"; };
		665ED65F1F7D34030025D2AC /* TableViewCellFever.swift */ = {isa = PBXFileReference; lastKnownFileType = sourcecode.swift; path = TableViewCellFever.swift; sourceTree = "<group>"; };
		665ED6601F7D34030025D2AC /* TableViewCellFever.xib */ = {isa = PBXFileReference; lastKnownFileType = file.xib; path = TableViewCellFever.xib; sourceTree = "<group>"; };
		665F429E1F06293300B19574 /* invoice.html */ = {isa = PBXFileReference; fileEncoding = 4; lastKnownFileType = text.html; path = invoice.html; sourceTree = "<group>"; };
		665F429F1F06293300B19574 /* invoice2.html */ = {isa = PBXFileReference; fileEncoding = 4; lastKnownFileType = text.html; path = invoice2.html; sourceTree = "<group>"; };
		665F42A01F06293300B19574 /* last_item.html */ = {isa = PBXFileReference; fileEncoding = 4; lastKnownFileType = text.html; path = last_item.html; sourceTree = "<group>"; };
		665F42A41F06293E00B19574 /* single_item.html */ = {isa = PBXFileReference; fileEncoding = 4; lastKnownFileType = text.html; path = single_item.html; sourceTree = "<group>"; };
		665F42A91F06298900B19574 /* InvoiceListViewController.swift */ = {isa = PBXFileReference; fileEncoding = 4; lastKnownFileType = sourcecode.swift; path = InvoiceListViewController.swift; sourceTree = "<group>"; };
		665F42AA1F06298900B19574 /* CreatorViewController.swift */ = {isa = PBXFileReference; fileEncoding = 4; lastKnownFileType = sourcecode.swift; path = CreatorViewController.swift; sourceTree = "<group>"; };
		665F42AB1F06298900B19574 /* AddItemViewController.swift */ = {isa = PBXFileReference; fileEncoding = 4; lastKnownFileType = sourcecode.swift; path = AddItemViewController.swift; sourceTree = "<group>"; };
		665F42AC1F06298900B19574 /* PreviewViewController.swift */ = {isa = PBXFileReference; fileEncoding = 4; lastKnownFileType = sourcecode.swift; path = PreviewViewController.swift; sourceTree = "<group>"; };
		665F42AD1F06298900B19574 /* InvoiceComposer.swift */ = {isa = PBXFileReference; fileEncoding = 4; lastKnownFileType = sourcecode.swift; path = InvoiceComposer.swift; sourceTree = "<group>"; };
		665F42AE1F06298900B19574 /* CustomPrintPageRenderer.swift */ = {isa = PBXFileReference; fileEncoding = 4; lastKnownFileType = sourcecode.swift; path = CustomPrintPageRenderer.swift; sourceTree = "<group>"; };
		666A84B11F0B8F9E007D4EFC /* OtherInformationViewController.swift */ = {isa = PBXFileReference; fileEncoding = 4; lastKnownFileType = sourcecode.swift; path = OtherInformationViewController.swift; sourceTree = "<group>"; };
		66C952C11EF8F89B00C36E3D /* medicalConsultation.app */ = {isa = PBXFileReference; explicitFileType = wrapper.application; includeInIndex = 0; path = medicalConsultation.app; sourceTree = BUILT_PRODUCTS_DIR; };
		66C952C41EF8F89B00C36E3D /* AppDelegate.swift */ = {isa = PBXFileReference; lastKnownFileType = sourcecode.swift; path = AppDelegate.swift; sourceTree = "<group>"; };
		66C952C61EF8F89B00C36E3D /* MainViewController.swift */ = {isa = PBXFileReference; lastKnownFileType = sourcecode.swift; path = MainViewController.swift; sourceTree = "<group>"; };
		66C952C91EF8F89B00C36E3D /* Base */ = {isa = PBXFileReference; lastKnownFileType = file.storyboard; name = Base; path = Base.lproj/Main.storyboard; sourceTree = "<group>"; };
		66C952CB1EF8F89B00C36E3D /* Assets.xcassets */ = {isa = PBXFileReference; lastKnownFileType = folder.assetcatalog; path = Assets.xcassets; sourceTree = "<group>"; };
		66C952CE1EF8F89B00C36E3D /* Base */ = {isa = PBXFileReference; lastKnownFileType = file.storyboard; name = Base; path = Base.lproj/LaunchScreen.storyboard; sourceTree = "<group>"; };
		66C952D01EF8F89B00C36E3D /* Info.plist */ = {isa = PBXFileReference; lastKnownFileType = text.plist.xml; path = Info.plist; sourceTree = "<group>"; };
		66C952D61EF8FCB700C36E3D /* GoogleService-Info.plist */ = {isa = PBXFileReference; fileEncoding = 4; lastKnownFileType = text.plist.xml; path = "GoogleService-Info.plist"; sourceTree = "<group>"; };
		66DC1E251EFC0D9500329E53 /* mic.png */ = {isa = PBXFileReference; lastKnownFileType = image.png; path = mic.png; sourceTree = "<group>"; };
		66DC1E291EFC342A00329E53 /* SwiftySound.framework */ = {isa = PBXFileReference; lastKnownFileType = wrapper.framework; name = SwiftySound.framework; path = "../../../Library/Developer/Xcode/DerivedData/medicalConsultation-dlncmhyzorugfwgaolrrdvmsvefn/Build/Products/Debug-iphonesimulator/SwiftySound/SwiftySound.framework"; sourceTree = "<group>"; };
		66DC1E2B1EFC374B00329E53 /* VoiceHomeViewController.swift */ = {isa = PBXFileReference; fileEncoding = 4; lastKnownFileType = sourcecode.swift; path = VoiceHomeViewController.swift; sourceTree = "<group>"; };
		66DC1E2D1EFC392100329E53 /* siriStart.wav */ = {isa = PBXFileReference; lastKnownFileType = audio.wav; name = siriStart.wav; path = medicalConsultation/siriStart.wav; sourceTree = "<group>"; };
		66DC1E2F1EFC416800329E53 /* Speech.framework */ = {isa = PBXFileReference; lastKnownFileType = wrapper.framework; name = Speech.framework; path = System/Library/Frameworks/Speech.framework; sourceTree = SDKROOT; };
		66ECDEF11F025476006186D7 /* offMic.png */ = {isa = PBXFileReference; lastKnownFileType = image.png; path = offMic.png; sourceTree = "<group>"; };
		66ECDEF31F028CE8006186D7 /* SpeechDetectionViewController.swift */ = {isa = PBXFileReference; lastKnownFileType = sourcecode.swift; path = SpeechDetectionViewController.swift; sourceTree = "<group>"; };
		66EE02711F793E3F00C95AFF /* loginbackground.png */ = {isa = PBXFileReference; lastKnownFileType = image.png; path = loginbackground.png; sourceTree = "<group>"; };
		66EE02731F793EC600C95AFF /* touch-id-icon.png */ = {isa = PBXFileReference; lastKnownFileType = image.png; path = "touch-id-icon.png"; sourceTree = "<group>"; };
		66EE02741F793EC600C95AFF /* 3ZR77.png */ = {isa = PBXFileReference; lastKnownFileType = image.png; path = 3ZR77.png; sourceTree = "<group>"; };
		66EE02751F793EC600C95AFF /* box-shadow.png */ = {isa = PBXFileReference; lastKnownFileType = image.png; path = "box-shadow.png"; sourceTree = "<group>"; };
		66EE02761F793EC600C95AFF /* login_box.png */ = {isa = PBXFileReference; lastKnownFileType = image.png; path = login_box.png; sourceTree = "<group>"; };
		66EE02771F793EC600C95AFF /* dd2f9f1e2fa703f627ba967708f545d286745cc4_hq.jpg */ = {isa = PBXFileReference; lastKnownFileType = image.jpeg; path = dd2f9f1e2fa703f627ba967708f545d286745cc4_hq.jpg; sourceTree = "<group>"; };
		6E4D06BCD9E2855AE11AAAA2 /* Pods-medicalConsultation.release.xcconfig */ = {isa = PBXFileReference; includeInIndex = 1; lastKnownFileType = text.xcconfig; name = "Pods-medicalConsultation.release.xcconfig"; path = "Pods/Target Support Files/Pods-medicalConsultation/Pods-medicalConsultation.release.xcconfig"; sourceTree = "<group>"; };
		D72A778299986E1BCAA68CE3 /* Pods-medicalConsultation.debug.xcconfig */ = {isa = PBXFileReference; includeInIndex = 1; lastKnownFileType = text.xcconfig; name = "Pods-medicalConsultation.debug.xcconfig"; path = "Pods/Target Support Files/Pods-medicalConsultation/Pods-medicalConsultation.debug.xcconfig"; sourceTree = "<group>"; };
		EC6C4B805B820E1B3EED9D67 /* Pods_medicalConsultation.framework */ = {isa = PBXFileReference; explicitFileType = wrapper.framework; includeInIndex = 0; path = Pods_medicalConsultation.framework; sourceTree = BUILT_PRODUCTS_DIR; };
/* End PBXFileReference section */

/* Begin PBXFrameworksBuildPhase section */
		66C952BE1EF8F89B00C36E3D /* Frameworks */ = {
			isa = PBXFrameworksBuildPhase;
			buildActionMask = 2147483647;
			files = (
				66DC1E301EFC416800329E53 /* Speech.framework in Frameworks */,
				66DC1E2A1EFC342A00329E53 /* SwiftySound.framework in Frameworks */,
				6633C4761EFBB89B006EF136 /* AVFoundation.framework in Frameworks */,
				6633C4711EFBB6BB006EF136 /* ApiAI.framework in Frameworks */,
				6633C4721EFBB6BB006EF136 /* GTMSessionFetcher.framework in Frameworks */,
				6633C4731EFBB6BB006EF136 /* Locksmith.framework in Frameworks */,
				6633C4741EFBB6BB006EF136 /* SVProgressHUD.framework in Frameworks */,
				6620823B1EF91B67001D693B /* GoogleToolboxForMac.framework in Frameworks */,
				34E6CB4FA46F2A4A6AA64170 /* Pods_medicalConsultation.framework in Frameworks */,
			);
			runOnlyForDeploymentPostprocessing = 0;
		};
/* End PBXFrameworksBuildPhase section */

/* Begin PBXGroup section */
		50AFAABA20542F63371B3074 /* Pods */ = {
			isa = PBXGroup;
			children = (
				D72A778299986E1BCAA68CE3 /* Pods-medicalConsultation.debug.xcconfig */,
				6E4D06BCD9E2855AE11AAAA2 /* Pods-medicalConsultation.release.xcconfig */,
			);
			name = Pods;
			sourceTree = "<group>";
		};
		6603A0871F79354000C7E986 /* login */ = {
			isa = PBXGroup;
			children = (
				661883681FAA4A42007E4C8C /* RegisterViewController.swift */,
				662508DF1F81584D00BC54CB /* loginViewController.swift */,
				662508DD1F81584100BC54CB /* HomeViewController.swift */,
				662508DB1F81582D00BC54CB /* ComposeViewController.swift */,
			);
			name = login;
			sourceTree = "<group>";
		};
		6633C4791EFBF941006EF136 /* image */ = {
			isa = PBXGroup;
			children = (
				66EE02741F793EC600C95AFF /* 3ZR77.png */,
				66EE02751F793EC600C95AFF /* box-shadow.png */,
				66EE02771F793EC600C95AFF /* dd2f9f1e2fa703f627ba967708f545d286745cc4_hq.jpg */,
				66EE02761F793EC600C95AFF /* login_box.png */,
				66EE02731F793EC600C95AFF /* touch-id-icon.png */,
				66EE02711F793E3F00C95AFF /* loginbackground.png */,
				66ECDEF11F025476006186D7 /* offMic.png */,
				66DC1E251EFC0D9500329E53 /* mic.png */,
				6633C47A1EFBF94C006EF136 /* doctor.png */,
				6633C47B1EFBF94C006EF136 /* list.png */,
			);
			name = image;
			sourceTree = "<group>";
		};
		665ED6591F7D0A2D0025D2AC /* ManualConsultation */ = {
			isa = PBXGroup;
			children = (
				665ED65A1F7D10D70025D2AC /* FirstStepSelectionViewController.swift */,
				665ED65C1F7D10FC0025D2AC /* SecondStepSelectionViewController.swift */,
			);
			name = ManualConsultation;
			sourceTree = "<group>";
		};
		665ED65E1F7D33B30025D2AC /* TableViewCell */ = {
			isa = PBXGroup;
			children = (
				665ED65F1F7D34030025D2AC /* TableViewCellFever.swift */,
				665ED6601F7D34030025D2AC /* TableViewCellFever.xib */,
			);
			name = TableViewCell;
			sourceTree = "<group>";
		};
		665F42A61F06294C00B19574 /* HTML templates */ = {
			isa = PBXGroup;
			children = (
				665F42A41F06293E00B19574 /* single_item.html */,
				665F429E1F06293300B19574 /* invoice.html */,
				665F429F1F06293300B19574 /* invoice2.html */,
				665F42A01F06293300B19574 /* last_item.html */,
			);
			name = "HTML templates";
			sourceTree = "<group>";
		};
		665F42A71F06296F00B19574 /* convertToPDF */ = {
			isa = PBXGroup;
			children = (
				665F42A91F06298900B19574 /* InvoiceListViewController.swift */,
				665F42AA1F06298900B19574 /* CreatorViewController.swift */,
				665F42AB1F06298900B19574 /* AddItemViewController.swift */,
				665F42AC1F06298900B19574 /* PreviewViewController.swift */,
				665F42AD1F06298900B19574 /* InvoiceComposer.swift */,
				665F42AE1F06298900B19574 /* CustomPrintPageRenderer.swift */,
			);
			name = convertToPDF;
			sourceTree = "<group>";
		};
		666A84B01F0B8E8B007D4EFC /* checklist */ = {
			isa = PBXGroup;
			children = (
				666A84B11F0B8F9E007D4EFC /* OtherInformationViewController.swift */,
				66150E971F49808E00CA87BE /* OtherInformationStep2ViewController.swift */,
			);
			name = checklist;
			sourceTree = "<group>";
		};
		66990A8F1F023DEE00D599E1 /* ViewControllers */ = {
			isa = PBXGroup;
			children = (
				665ED65E1F7D33B30025D2AC /* TableViewCell */,
				665ED6591F7D0A2D0025D2AC /* ManualConsultation */,
				6603A0871F79354000C7E986 /* login */,
				666A84B01F0B8E8B007D4EFC /* checklist */,
				665F42A71F06296F00B19574 /* convertToPDF */,
				66C952C61EF8F89B00C36E3D /* MainViewController.swift */,
				6633C4771EFBBD18006EF136 /* PreMainViewController.swift */,
				66DC1E2B1EFC374B00329E53 /* VoiceHomeViewController.swift */,
				66ECDEF31F028CE8006186D7 /* SpeechDetectionViewController.swift */,
				661B916F1F7B9AC20017BDAB /* PostConsultationViewController.swift */,
			);
			name = ViewControllers;
			sourceTree = "<group>";
		};
		66C952B81EF8F89B00C36E3D = {
			isa = PBXGroup;
			children = (
				665F42A61F06294C00B19574 /* HTML templates */,
				66990A8F1F023DEE00D599E1 /* ViewControllers */,
				66DC1E271EFC2C4F00329E53 /* sounds */,
				6633C4791EFBF941006EF136 /* image */,
				66C952C31EF8F89B00C36E3D /* medicalConsultation */,
				66C952C21EF8F89B00C36E3D /* Products */,
				50AFAABA20542F63371B3074 /* Pods */,
				8457F6CBC2662F05F5DA7134 /* Frameworks */,
			);
			sourceTree = "<group>";
		};
		66C952C21EF8F89B00C36E3D /* Products */ = {
			isa = PBXGroup;
			children = (
				66C952C11EF8F89B00C36E3D /* medicalConsultation.app */,
			);
			name = Products;
			sourceTree = "<group>";
		};
		66C952C31EF8F89B00C36E3D /* medicalConsultation */ = {
			isa = PBXGroup;
			children = (
				66C952C41EF8F89B00C36E3D /* AppDelegate.swift */,
				66C952C81EF8F89B00C36E3D /* Main.storyboard */,
				66C952CB1EF8F89B00C36E3D /* Assets.xcassets */,
				66C952CD1EF8F89B00C36E3D /* LaunchScreen.storyboard */,
				66C952D01EF8F89B00C36E3D /* Info.plist */,
				66C952D61EF8FCB700C36E3D /* GoogleService-Info.plist */,
			);
			path = medicalConsultation;
			sourceTree = "<group>";
		};
		66DC1E271EFC2C4F00329E53 /* sounds */ = {
			isa = PBXGroup;
			children = (
				661BEA101F024E8C0016F864 /* siriEnd.wav */,
				66DC1E2D1EFC392100329E53 /* siriStart.wav */,
			);
			name = sounds;
			sourceTree = "<group>";
		};
		8457F6CBC2662F05F5DA7134 /* Frameworks */ = {
			isa = PBXGroup;
			children = (
				66DC1E2F1EFC416800329E53 /* Speech.framework */,
				66DC1E291EFC342A00329E53 /* SwiftySound.framework */,
				6633C4751EFBB89B006EF136 /* AVFoundation.framework */,
				6633C46D1EFBB6BB006EF136 /* ApiAI.framework */,
				6633C46E1EFBB6BB006EF136 /* GTMSessionFetcher.framework */,
				6633C46F1EFBB6BB006EF136 /* Locksmith.framework */,
				6633C4701EFBB6BB006EF136 /* SVProgressHUD.framework */,
				6620823A1EF91B67001D693B /* GoogleToolboxForMac.framework */,
				EC6C4B805B820E1B3EED9D67 /* Pods_medicalConsultation.framework */,
			);
			name = Frameworks;
			sourceTree = "<group>";
		};
/* End PBXGroup section */

/* Begin PBXNativeTarget section */
		66C952C01EF8F89B00C36E3D /* medicalConsultation */ = {
			isa = PBXNativeTarget;
			buildConfigurationList = 66C952D31EF8F89B00C36E3D /* Build configuration list for PBXNativeTarget "medicalConsultation" */;
			buildPhases = (
				26460B98E58CE6B22202FFE1 /* [CP] Check Pods Manifest.lock */,
				66C952BD1EF8F89B00C36E3D /* Sources */,
				66C952BE1EF8F89B00C36E3D /* Frameworks */,
				66C952BF1EF8F89B00C36E3D /* Resources */,
				0816B1159DF66DE53D63724F /* [CP] Embed Pods Frameworks */,
				7BE47A995E435C80BFD811DC /* [CP] Copy Pods Resources */,
			);
			buildRules = (
			);
			dependencies = (
			);
			name = medicalConsultation;
			productName = medicalConsultation;
			productReference = 66C952C11EF8F89B00C36E3D /* medicalConsultation.app */;
			productType = "com.apple.product-type.application";
		};
/* End PBXNativeTarget section */

/* Begin PBXProject section */
		66C952B91EF8F89B00C36E3D /* Project object */ = {
			isa = PBXProject;
			attributes = {
				LastSwiftUpdateCheck = 0830;
				LastUpgradeCheck = 0830;
				ORGANIZATIONNAME = "Adam Tan";
				TargetAttributes = {
					66C952C01EF8F89B00C36E3D = {
						CreatedOnToolsVersion = 8.3.3;
						DevelopmentTeam = YEH4L8MWT9;
						LastSwiftMigration = 0900;
						ProvisioningStyle = Automatic;
						SystemCapabilities = {
							com.apple.BackgroundModes = {
								enabled = 0;
							};
						};
					};
				};
			};
			buildConfigurationList = 66C952BC1EF8F89B00C36E3D /* Build configuration list for PBXProject "medicalConsultation" */;
			compatibilityVersion = "Xcode 8.0";
			developmentRegion = English;
			hasScannedForEncodings = 0;
			knownRegions = (
				en,
				Base,
			);
			mainGroup = 66C952B81EF8F89B00C36E3D;
			productRefGroup = 66C952C21EF8F89B00C36E3D /* Products */;
			projectDirPath = "";
			projectRoot = "";
			targets = (
				66C952C01EF8F89B00C36E3D /* medicalConsultation */,
			);
		};
/* End PBXProject section */

/* Begin PBXResourcesBuildPhase section */
		66C952BF1EF8F89B00C36E3D /* Resources */ = {
			isa = PBXResourcesBuildPhase;
			buildActionMask = 2147483647;
			files = (
				6633C47C1EFBF94C006EF136 /* doctor.png in Resources */,
				665F42A21F06293300B19574 /* invoice2.html in Resources */,
				66C952CF1EF8F89B00C36E3D /* LaunchScreen.storyboard in Resources */,
				66EE02721F793E3F00C95AFF /* loginbackground.png in Resources */,
				665F42A31F06293300B19574 /* last_item.html in Resources */,
				66EE02791F793EC600C95AFF /* 3ZR77.png in Resources */,
				66C952D71EF8FCB700C36E3D /* GoogleService-Info.plist in Resources */,
				66EE02781F793EC600C95AFF /* touch-id-icon.png in Resources */,
				66EE027C1F793EC600C95AFF /* dd2f9f1e2fa703f627ba967708f545d286745cc4_hq.jpg in Resources */,
				66C952CC1EF8F89B00C36E3D /* Assets.xcassets in Resources */,
				66C952CA1EF8F89B00C36E3D /* Main.storyboard in Resources */,
				66EE027B1F793EC600C95AFF /* login_box.png in Resources */,
				665ED6621F7D34030025D2AC /* TableViewCellFever.xib in Resources */,
				66DC1E261EFC0D9500329E53 /* mic.png in Resources */,
				66DC1E2E1EFC392100329E53 /* siriStart.wav in Resources */,
				66ECDEF21F025476006186D7 /* offMic.png in Resources */,
				665F42A51F06293E00B19574 /* single_item.html in Resources */,
				665F42A11F06293300B19574 /* invoice.html in Resources */,
				6633C47D1EFBF94C006EF136 /* list.png in Resources */,
				66EE027A1F793EC600C95AFF /* box-shadow.png in Resources */,
			);
			runOnlyForDeploymentPostprocessing = 0;
		};
/* End PBXResourcesBuildPhase section */

/* Begin PBXShellScriptBuildPhase section */
		0816B1159DF66DE53D63724F /* [CP] Embed Pods Frameworks */ = {
			isa = PBXShellScriptBuildPhase;
			buildActionMask = 2147483647;
			files = (
			);
			inputPaths = (
			);
			name = "[CP] Embed Pods Frameworks";
			outputPaths = (
			);
			runOnlyForDeploymentPostprocessing = 0;
			shellPath = /bin/sh;
			shellScript = "\"${SRCROOT}/Pods/Target Support Files/Pods-medicalConsultation/Pods-medicalConsultation-frameworks.sh\"\n";
			showEnvVarsInLog = 0;
		};
		26460B98E58CE6B22202FFE1 /* [CP] Check Pods Manifest.lock */ = {
			isa = PBXShellScriptBuildPhase;
			buildActionMask = 2147483647;
			files = (
			);
			inputPaths = (
			);
			name = "[CP] Check Pods Manifest.lock";
			outputPaths = (
			);
			runOnlyForDeploymentPostprocessing = 0;
			shellPath = /bin/sh;
			shellScript = "diff \"${PODS_PODFILE_DIR_PATH}/Podfile.lock\" \"${PODS_ROOT}/Manifest.lock\" > /dev/null\nif [ $? != 0 ] ; then\n    # print error to STDERR\n    echo \"error: The sandbox is not in sync with the Podfile.lock. Run 'pod install' or update your CocoaPods installation.\" >&2\n    exit 1\nfi\n";
			showEnvVarsInLog = 0;
		};
		7BE47A995E435C80BFD811DC /* [CP] Copy Pods Resources */ = {
			isa = PBXShellScriptBuildPhase;
			buildActionMask = 2147483647;
			files = (
			);
			inputPaths = (
			);
			name = "[CP] Copy Pods Resources";
			outputPaths = (
			);
			runOnlyForDeploymentPostprocessing = 0;
			shellPath = /bin/sh;
			shellScript = "\"${SRCROOT}/Pods/Target Support Files/Pods-medicalConsultation/Pods-medicalConsultation-resources.sh\"\n";
			showEnvVarsInLog = 0;
		};
/* End PBXShellScriptBuildPhase section */

/* Begin PBXSourcesBuildPhase section */
		66C952BD1EF8F89B00C36E3D /* Sources */ = {
			isa = PBXSourcesBuildPhase;
			buildActionMask = 2147483647;
			files = (
				66ECDEF41F028CE8006186D7 /* SpeechDetectionViewController.swift in Sources */,
				665F42B11F06298900B19574 /* CreatorViewController.swift in Sources */,
				66C952C71EF8F89B00C36E3D /* MainViewController.swift in Sources */,
				665F42B01F06298900B19574 /* InvoiceListViewController.swift in Sources */,
				665F42B31F06298900B19574 /* PreviewViewController.swift in Sources */,
				662508DE1F81584100BC54CB /* HomeViewController.swift in Sources */,
				662508DC1F81582D00BC54CB /* ComposeViewController.swift in Sources */,
				66150E981F49808E00CA87BE /* OtherInformationStep2ViewController.swift in Sources */,
				665F42B41F06298900B19574 /* InvoiceComposer.swift in Sources */,
				661883691FAA4A42007E4C8C /* RegisterViewController.swift in Sources */,
				66C952C51EF8F89B00C36E3D /* AppDelegate.swift in Sources */,
				665F42B21F06298900B19574 /* AddItemViewController.swift in Sources */,
				66DC1E2C1EFC374B00329E53 /* VoiceHomeViewController.swift in Sources */,
				665F42B51F06298900B19574 /* CustomPrintPageRenderer.swift in Sources */,
				661B91701F7B9AC20017BDAB /* PostConsultationViewController.swift in Sources */,
				662508E01F81584D00BC54CB /* loginViewController.swift in Sources */,
				666A84B21F0B8F9E007D4EFC /* OtherInformationViewController.swift in Sources */,
				6633C4781EFBBD18006EF136 /* PreMainViewController.swift in Sources */,
				665ED6611F7D34030025D2AC /* TableViewCellFever.swift in Sources */,
				665ED65B1F7D10D70025D2AC /* FirstStepSelectionViewController.swift in Sources */,
				665ED65D1F7D10FC0025D2AC /* SecondStepSelectionViewController.swift in Sources */,
			);
			runOnlyForDeploymentPostprocessing = 0;
		};
/* End PBXSourcesBuildPhase section */

/* Begin PBXVariantGroup section */
		66C952C81EF8F89B00C36E3D /* Main.storyboard */ = {
			isa = PBXVariantGroup;
			children = (
				66C952C91EF8F89B00C36E3D /* Base */,
			);
			name = Main.storyboard;
			sourceTree = "<group>";
		};
		66C952CD1EF8F89B00C36E3D /* LaunchScreen.storyboard */ = {
			isa = PBXVariantGroup;
			children = (
				66C952CE1EF8F89B00C36E3D /* Base */,
			);
			name = LaunchScreen.storyboard;
			sourceTree = "<group>";
		};
/* End PBXVariantGroup section */

/* Begin XCBuildConfiguration section */
		66C952D11EF8F89B00C36E3D /* Debug */ = {
			isa = XCBuildConfiguration;
			buildSettings = {
				ALWAYS_SEARCH_USER_PATHS = NO;
				CLANG_ANALYZER_NONNULL = YES;
				CLANG_ANALYZER_NUMBER_OBJECT_CONVERSION = YES_AGGRESSIVE;
				CLANG_CXX_LANGUAGE_STANDARD = "gnu++0x";
				CLANG_CXX_LIBRARY = "libc++";
				CLANG_ENABLE_MODULES = YES;
				CLANG_ENABLE_OBJC_ARC = YES;
				CLANG_WARN_BOOL_CONVERSION = YES;
				CLANG_WARN_CONSTANT_CONVERSION = YES;
				CLANG_WARN_DIRECT_OBJC_ISA_USAGE = YES_ERROR;
				CLANG_WARN_DOCUMENTATION_COMMENTS = YES;
				CLANG_WARN_EMPTY_BODY = YES;
				CLANG_WARN_ENUM_CONVERSION = YES;
				CLANG_WARN_INFINITE_RECURSION = YES;
				CLANG_WARN_INT_CONVERSION = YES;
				CLANG_WARN_OBJC_ROOT_CLASS = YES_ERROR;
				CLANG_WARN_SUSPICIOUS_MOVE = YES;
				CLANG_WARN_UNREACHABLE_CODE = YES;
				CLANG_WARN__DUPLICATE_METHOD_MATCH = YES;
				"CODE_SIGN_IDENTITY[sdk=iphoneos*]" = "iPhone Developer";
				COPY_PHASE_STRIP = NO;
				DEBUG_INFORMATION_FORMAT = dwarf;
				ENABLE_STRICT_OBJC_MSGSEND = YES;
				ENABLE_TESTABILITY = YES;
				GCC_C_LANGUAGE_STANDARD = gnu99;
				GCC_DYNAMIC_NO_PIC = NO;
				GCC_NO_COMMON_BLOCKS = YES;
				GCC_OPTIMIZATION_LEVEL = 0;
				GCC_PREPROCESSOR_DEFINITIONS = (
					"DEBUG=1",
					"$(inherited)",
				);
				GCC_WARN_64_TO_32_BIT_CONVERSION = YES;
				GCC_WARN_ABOUT_RETURN_TYPE = YES_ERROR;
				GCC_WARN_UNDECLARED_SELECTOR = YES;
				GCC_WARN_UNINITIALIZED_AUTOS = YES_AGGRESSIVE;
				GCC_WARN_UNUSED_FUNCTION = YES;
				GCC_WARN_UNUSED_VARIABLE = YES;
				IPHONEOS_DEPLOYMENT_TARGET = 10.3;
				MTL_ENABLE_DEBUG_INFO = YES;
				ONLY_ACTIVE_ARCH = YES;
				SDKROOT = iphoneos;
				SWIFT_ACTIVE_COMPILATION_CONDITIONS = DEBUG;
				SWIFT_OPTIMIZATION_LEVEL = "-Onone";
				TARGETED_DEVICE_FAMILY = "1,2";
			};
			name = Debug;
		};
		66C952D21EF8F89B00C36E3D /* Release */ = {
			isa = XCBuildConfiguration;
			buildSettings = {
				ALWAYS_SEARCH_USER_PATHS = NO;
				CLANG_ANALYZER_NONNULL = YES;
				CLANG_ANALYZER_NUMBER_OBJECT_CONVERSION = YES_AGGRESSIVE;
				CLANG_CXX_LANGUAGE_STANDARD = "gnu++0x";
				CLANG_CXX_LIBRARY = "libc++";
				CLANG_ENABLE_MODULES = YES;
				CLANG_ENABLE_OBJC_ARC = YES;
				CLANG_WARN_BOOL_CONVERSION = YES;
				CLANG_WARN_CONSTANT_CONVERSION = YES;
				CLANG_WARN_DIRECT_OBJC_ISA_USAGE = YES_ERROR;
				CLANG_WARN_DOCUMENTATION_COMMENTS = YES;
				CLANG_WARN_EMPTY_BODY = YES;
				CLANG_WARN_ENUM_CONVERSION = YES;
				CLANG_WARN_INFINITE_RECURSION = YES;
				CLANG_WARN_INT_CONVERSION = YES;
				CLANG_WARN_OBJC_ROOT_CLASS = YES_ERROR;
				CLANG_WARN_SUSPICIOUS_MOVE = YES;
				CLANG_WARN_UNREACHABLE_CODE = YES;
				CLANG_WARN__DUPLICATE_METHOD_MATCH = YES;
				"CODE_SIGN_IDENTITY[sdk=iphoneos*]" = "iPhone Developer";
				COPY_PHASE_STRIP = NO;
				DEBUG_INFORMATION_FORMAT = "dwarf-with-dsym";
				ENABLE_NS_ASSERTIONS = NO;
				ENABLE_STRICT_OBJC_MSGSEND = YES;
				GCC_C_LANGUAGE_STANDARD = gnu99;
				GCC_NO_COMMON_BLOCKS = YES;
				GCC_WARN_64_TO_32_BIT_CONVERSION = YES;
				GCC_WARN_ABOUT_RETURN_TYPE = YES_ERROR;
				GCC_WARN_UNDECLARED_SELECTOR = YES;
				GCC_WARN_UNINITIALIZED_AUTOS = YES_AGGRESSIVE;
				GCC_WARN_UNUSED_FUNCTION = YES;
				GCC_WARN_UNUSED_VARIABLE = YES;
				IPHONEOS_DEPLOYMENT_TARGET = 10.3;
				MTL_ENABLE_DEBUG_INFO = NO;
				SDKROOT = iphoneos;
				SWIFT_OPTIMIZATION_LEVEL = "-Owholemodule";
				TARGETED_DEVICE_FAMILY = "1,2";
				VALIDATE_PRODUCT = YES;
			};
			name = Release;
		};
		66C952D41EF8F89B00C36E3D /* Debug */ = {
			isa = XCBuildConfiguration;
			baseConfigurationReference = D72A778299986E1BCAA68CE3 /* Pods-medicalConsultation.debug.xcconfig */;
			buildSettings = {
				ASSETCATALOG_COMPILER_APPICON_NAME = AppIcon;
				DEVELOPMENT_TEAM = YEH4L8MWT9;
				FRAMEWORK_SEARCH_PATHS = (
					"$(inherited)",
					"$(PROJECT_DIR)/build/Debug-iphoneos/ApiAI",
				);
				INFOPLIST_FILE = medicalConsultation/Info.plist;
				IPHONEOS_DEPLOYMENT_TARGET = 11.0;
				LD_RUNPATH_SEARCH_PATHS = "$(inherited) @executable_path/Frameworks";
				PRODUCT_BUNDLE_IDENTIFIER = Adam.medicalConsultation;
				PRODUCT_NAME = "$(TARGET_NAME)";
				SWIFT_SWIFT3_OBJC_INFERENCE = Off;
				SWIFT_VERSION = 3.0;
				"SWIFT_VERSION[arch=*]" = 3.0;
			};
			name = Debug;
		};
		66C952D51EF8F89B00C36E3D /* Release */ = {
			isa = XCBuildConfiguration;
			baseConfigurationReference = 6E4D06BCD9E2855AE11AAAA2 /* Pods-medicalConsultation.release.xcconfig */;
			buildSettings = {
				ASSETCATALOG_COMPILER_APPICON_NAME = AppIcon;
				DEVELOPMENT_TEAM = YEH4L8MWT9;
				FRAMEWORK_SEARCH_PATHS = (
					"$(inherited)",
					"$(PROJECT_DIR)/build/Debug-iphoneos/ApiAI",
				);
				INFOPLIST_FILE = medicalConsultation/Info.plist;
				IPHONEOS_DEPLOYMENT_TARGET = 11.0;
				LD_RUNPATH_SEARCH_PATHS = "$(inherited) @executable_path/Frameworks";
				PRODUCT_BUNDLE_IDENTIFIER = Adam.medicalConsultation;
				PRODUCT_NAME = "$(TARGET_NAME)";
				SWIFT_SWIFT3_OBJC_INFERENCE = Off;
				SWIFT_VERSION = 3.0;
			};
			name = Release;
		};
/* End XCBuildConfiguration section */

/* Begin XCConfigurationList section */
		66C952BC1EF8F89B00C36E3D /* Build configuration list for PBXProject "medicalConsultation" */ = {
			isa = XCConfigurationList;
			buildConfigurations = (
				66C952D11EF8F89B00C36E3D /* Debug */,
				66C952D21EF8F89B00C36E3D /* Release */,
			);
			defaultConfigurationIsVisible = 0;
			defaultConfigurationName = Release;
		};
		66C952D31EF8F89B00C36E3D /* Build configuration list for PBXNativeTarget "medicalConsultation" */ = {
			isa = XCConfigurationList;
			buildConfigurations = (
				66C952D41EF8F89B00C36E3D /* Debug */,
				66C952D51EF8F89B00C36E3D /* Release */,
			);
			defaultConfigurationIsVisible = 0;
			defaultConfigurationName = Release;
		};
/* End XCConfigurationList section */
	};
	rootObject = 66C952B91EF8F89B00C36E3D /* Project object */;
}
